
Microsoft Visual Studio Solution File, Format Version 12.00
# Visual Studio Version 16
VisualStudioVersion = 16.0.31829.152
MinimumVisualStudioVersion = 10.0.40219.1
Project("{9A19103F-16F7-4668-BE54-9A1E7A4F7556}") = "AccountingSystem", "AccountingSystem\AccountingSystem.csproj", "{52F4483A-85C1-41A4-908D-5DC6B737ED05}"
EndProject
Project("{F14B399A-7131-4C87-9E4B-1186C45EF12D}") = "Reports", "Reports\Reports.rptproj", "{4C299249-6295-43E9-9051-065B8A338C89}"
EndProject
Global
	GlobalSection(SolutionConfigurationPlatforms) = preSolution
		Debug|Any CPU = Debug|Any CPU
		DebugLocal|Any CPU = DebugLocal|Any CPU
		Release|Any CPU = Release|Any CPU
	EndGlobalSection
	GlobalSection(ProjectConfigurationPlatforms) = postSolution
		{52F4483A-85C1-41A4-908D-5DC6B737ED05}.Debug|Any CPU.ActiveCfg = Debug|Any CPU
		{52F4483A-85C1-41A4-908D-5DC6B737ED05}.Debug|Any CPU.Build.0 = Debug|Any CPU
		{52F4483A-85C1-41A4-908D-5DC6B737ED05}.DebugLocal|Any CPU.ActiveCfg = Debug|Any CPU
		{52F4483A-85C1-41A4-908D-5DC6B737ED05}.DebugLocal|Any CPU.Build.0 = Debug|Any CPU
		{52F4483A-85C1-41A4-908D-5DC6B737ED05}.Release|Any CPU.ActiveCfg = Release|Any CPU
		{52F4483A-85C1-41A4-908D-5DC6B737ED05}.Release|Any CPU.Build.0 = Release|Any CPU
		{4C299249-6295-43E9-9051-065B8A338C89}.Debug|Any CPU.ActiveCfg = Debug
		{4C299249-6295-43E9-9051-065B8A338C89}.Debug|Any CPU.Build.0 = Debug
		{4C299249-6295-43E9-9051-065B8A338C89}.Debug|Any CPU.Deploy.0 = Debug
		{4C299249-6295-43E9-9051-065B8A338C89}.DebugLocal|Any CPU.ActiveCfg = DebugLocal
		{4C299249-6295-43E9-9051-065B8A338C89}.DebugLocal|Any CPU.Build.0 = DebugLocal
		{4C299249-6295-43E9-9051-065B8A338C89}.Release|Any CPU.ActiveCfg = Release
		{4C299249-6295-43E9-9051-065B8A338C89}.Release|Any CPU.Build.0 = Release
		{4C299249-6295-43E9-9051-065B8A338C89}.Release|Any CPU.Deploy.0 = Release
	EndGlobalSection
	GlobalSection(SolutionProperties) = preSolution
		HideSolutionNode = FALSE
	EndGlobalSection
	GlobalSection(ExtensibilityGlobals) = postSolution
		SolutionGuid = {A73DD439-159D-4E55-9994-05F6B9932D00}
	EndGlobalSection
EndGlobal
